// !$*UTF8*$!
{
	archiveVersion = 1;
	classes = {
	};
	objectVersion = 48;
	objects = {

/* Begin PBXBuildFile section */
		8B36DF151F16BD9B001AC566 /* AppDelegate.swift in Sources */ = {isa = PBXBuildFile; fileRef = 8B36DF141F16BD9B001AC566 /* AppDelegate.swift */; };
		8B36DF1A1F16BD9B001AC566 /* Main.storyboard in Resources */ = {isa = PBXBuildFile; fileRef = 8B36DF181F16BD9B001AC566 /* Main.storyboard */; };
		8B36DF1D1F16BD9B001AC566 /* focusSwiftChallenge.xcdatamodeld in Sources */ = {isa = PBXBuildFile; fileRef = 8B36DF1B1F16BD9B001AC566 /* focusSwiftChallenge.xcdatamodeld */; };
		8B36DF1F1F16BD9B001AC566 /* Assets.xcassets in Resources */ = {isa = PBXBuildFile; fileRef = 8B36DF1E1F16BD9B001AC566 /* Assets.xcassets */; };
		8B36DF221F16BD9B001AC566 /* LaunchScreen.storyboard in Resources */ = {isa = PBXBuildFile; fileRef = 8B36DF201F16BD9B001AC566 /* LaunchScreen.storyboard */; };
		8B36DF2A1F16CA48001AC566 /* PlayersVC.swift in Sources */ = {isa = PBXBuildFile; fileRef = 8B36DF291F16CA48001AC566 /* PlayersVC.swift */; };
		8B36DF2C1F16CADB001AC566 /* AddPlayerVC.swift in Sources */ = {isa = PBXBuildFile; fileRef = 8B36DF2B1F16CADB001AC566 /* AddPlayerVC.swift */; };
		8B36DF301F16D966001AC566 /* CustomTableViewCell.swift in Sources */ = {isa = PBXBuildFile; fileRef = 8B36DF2F1F16D966001AC566 /* CustomTableViewCell.swift */; };
		8B36DF321F16F17B001AC566 /* PlayerDetailVC.swift in Sources */ = {isa = PBXBuildFile; fileRef = 8B36DF311F16F17B001AC566 /* PlayerDetailVC.swift */; };
/* End PBXBuildFile section */

/* Begin PBXFileReference section */
		8B36DF111F16BD9B001AC566 /* focusSwiftChallenge.app */ = {isa = PBXFileReference; explicitFileType = wrapper.application; includeInIndex = 0; path = focusSwiftChallenge.app; sourceTree = BUILT_PRODUCTS_DIR; };
		8B36DF141F16BD9B001AC566 /* AppDelegate.swift */ = {isa = PBXFileReference; lastKnownFileType = sourcecode.swift; path = AppDelegate.swift; sourceTree = "<group>"; };
		8B36DF191F16BD9B001AC566 /* Base */ = {isa = PBXFileReference; lastKnownFileType = file.storyboard; name = Base; path = Base.lproj/Main.storyboard; sourceTree = "<group>"; };
		8B36DF1C1F16BD9B001AC566 /* focusSwiftChallenge.xcdatamodel */ = {isa = PBXFileReference; lastKnownFileType = wrapper.xcdatamodel; path = focusSwiftChallenge.xcdatamodel; sourceTree = "<group>"; };
		8B36DF1E1F16BD9B001AC566 /* Assets.xcassets */ = {isa = PBXFileReference; lastKnownFileType = folder.assetcatalog; path = Assets.xcassets; sourceTree = "<group>"; };
		8B36DF211F16BD9B001AC566 /* Base */ = {isa = PBXFileReference; lastKnownFileType = file.storyboard; name = Base; path = Base.lproj/LaunchScreen.storyboard; sourceTree = "<group>"; };
		8B36DF231F16BD9B001AC566 /* Info.plist */ = {isa = PBXFileReference; lastKnownFileType = text.plist.xml; path = Info.plist; sourceTree = "<group>"; };
		8B36DF291F16CA48001AC566 /* PlayersVC.swift */ = {isa = PBXFileReference; lastKnownFileType = sourcecode.swift; path = PlayersVC.swift; sourceTree = "<group>"; };
		8B36DF2B1F16CADB001AC566 /* AddPlayerVC.swift */ = {isa = PBXFileReference; lastKnownFileType = sourcecode.swift; path = AddPlayerVC.swift; sourceTree = "<group>"; };
		8B36DF2F1F16D966001AC566 /* CustomTableViewCell.swift */ = {isa = PBXFileReference; lastKnownFileType = sourcecode.swift; path = CustomTableViewCell.swift; sourceTree = "<group>"; };
		8B36DF311F16F17B001AC566 /* PlayerDetailVC.swift */ = {isa = PBXFileReference; lastKnownFileType = sourcecode.swift; path = PlayerDetailVC.swift; sourceTree = "<group>"; };
/* End PBXFileReference section */

/* Begin PBXFrameworksBuildPhase section */
		8B36DF0E1F16BD9B001AC566 /* Frameworks */ = {
			isa = PBXFrameworksBuildPhase;
			buildActionMask = 2147483647;
			files = (
			);
			runOnlyForDeploymentPostprocessing = 0;
		};
/* End PBXFrameworksBuildPhase section */

/* Begin PBXGroup section */
		8B36DF081F16BD9B001AC566 = {
			isa = PBXGroup;
			children = (
				8B36DF131F16BD9B001AC566 /* focusSwiftChallenge */,
				8B36DF121F16BD9B001AC566 /* Products */,
			);
			sourceTree = "<group>";
		};
		8B36DF121F16BD9B001AC566 /* Products */ = {
			isa = PBXGroup;
			children = (
				8B36DF111F16BD9B001AC566 /* focusSwiftChallenge.app */,
			);
			name = Products;
			sourceTree = "<group>";
		};
		8B36DF131F16BD9B001AC566 /* focusSwiftChallenge */ = {
			isa = PBXGroup;
			children = (
				8B36DF141F16BD9B001AC566 /* AppDelegate.swift */,
				8B36DF291F16CA48001AC566 /* PlayersVC.swift */,
				8B36DF2F1F16D966001AC566 /* CustomTableViewCell.swift */,
				8B36DF2B1F16CADB001AC566 /* AddPlayerVC.swift */,
				8B36DF311F16F17B001AC566 /* PlayerDetailVC.swift */,
				8B36DF181F16BD9B001AC566 /* Main.storyboard */,
				8B36DF1E1F16BD9B001AC566 /* Assets.xcassets */,
				8B36DF201F16BD9B001AC566 /* LaunchScreen.storyboard */,
				8B36DF231F16BD9B001AC566 /* Info.plist */,
				8B36DF1B1F16BD9B001AC566 /* focusSwiftChallenge.xcdatamodeld */,
			);
			path = focusSwiftChallenge;
			sourceTree = "<group>";
		};
/* End PBXGroup section */

/* Begin PBXNativeTarget section */
		8B36DF101F16BD9B001AC566 /* focusSwiftChallenge */ = {
			isa = PBXNativeTarget;
			buildConfigurationList = 8B36DF261F16BD9B001AC566 /* Build configuration list for PBXNativeTarget "focusSwiftChallenge" */;
			buildPhases = (
				8B36DF0D1F16BD9B001AC566 /* Sources */,
				8B36DF0E1F16BD9B001AC566 /* Frameworks */,
				8B36DF0F1F16BD9B001AC566 /* Resources */,
			);
			buildRules = (
			);
			dependencies = (
			);
			name = focusSwiftChallenge;
			productName = focusSwiftChallenge;
			productReference = 8B36DF111F16BD9B001AC566 /* focusSwiftChallenge.app */;
			productType = "com.apple.product-type.application";
		};
/* End PBXNativeTarget section */

/* Begin PBXProject section */
		8B36DF091F16BD9B001AC566 /* Project object */ = {
			isa = PBXProject;
			attributes = {
				LastSwiftUpdateCheck = 0900;
				LastUpgradeCheck = 0900;
				ORGANIZATIONNAME = "Dhruvi Gajjar";
				TargetAttributes = {
					8B36DF101F16BD9B001AC566 = {
						CreatedOnToolsVersion = 9.0;
					};
				};
			};
			buildConfigurationList = 8B36DF0C1F16BD9B001AC566 /* Build configuration list for PBXProject "focusSwiftChallenge" */;
			compatibilityVersion = "Xcode 8.0";
			developmentRegion = en;
			hasScannedForEncodings = 0;
			knownRegions = (
				en,
				Base,
			);
			mainGroup = 8B36DF081F16BD9B001AC566;
			productRefGroup = 8B36DF121F16BD9B001AC566 /* Products */;
			projectDirPath = "";
			projectRoot = "";
			targets = (
				8B36DF101F16BD9B001AC566 /* focusSwiftChallenge */,
			);
		};
/* End PBXProject section */

/* Begin PBXResourcesBuildPhase section */
		8B36DF0F1F16BD9B001AC566 /* Resources */ = {
			isa = PBXResourcesBuildPhase;
			buildActionMask = 2147483647;
			files = (
				8B36DF221F16BD9B001AC566 /* LaunchScreen.storyboard in Resources */,
				8B36DF1F1F16BD9B001AC566 /* Assets.xcassets in Resources */,
				8B36DF1A1F16BD9B001AC566 /* Main.storyboard in Resources */,
			);
			runOnlyForDeploymentPostprocessing = 0;
		};
/* End PBXResourcesBuildPhase section */

/* Begin PBXSourcesBuildPhase section */
		8B36DF0D1F16BD9B001AC566 /* Sources */ = {
			isa = PBXSourcesBuildPhase;
			buildActionMask = 2147483647;
			files = (
				8B36DF321F16F17B001AC566 /* PlayerDetailVC.swift in Sources */,
				8B36DF301F16D966001AC566 /* CustomTableViewCell.swift in Sources */,
				8B36DF151F16BD9B001AC566 /* AppDelegate.swift in Sources */,
				8B36DF2A1F16CA48001AC566 /* PlayersVC.swift in Sources */,
				8B36DF1D1F16BD9B001AC566 /* focusSwiftChallenge.xcdatamodeld in Sources */,
				8B36DF2C1F16CADB001AC566 /* AddPlayerVC.swift in Sources */,
			);
			runOnlyForDeploymentPostprocessing = 0;
		};
/* End PBXSourcesBuildPhase section */

/* Begin PBXVariantGroup section */
		8B36DF181F16BD9B001AC566 /* Main.storyboard */ = {
			isa = PBXVariantGroup;
			children = (
				8B36DF191F16BD9B001AC566 /* Base */,
			);
			name = Main.storyboard;
			sourceTree = "<group>";
		};
		8B36DF201F16BD9B001AC566 /* LaunchScreen.storyboard */ = {
			isa = PBXVariantGroup;
			children = (
				8B36DF211F16BD9B001AC566 /* Base */,
			);
			name = LaunchScreen.storyboard;
			sourceTree = "<group>";
		};
/* End PBXVariantGroup section */

/* Begin XCBuildConfiguration section */
		8B36DF241F16BD9B001AC566 /* Debug */ = {
			isa = XCBuildConfiguration;
			buildSettings = {
				ALWAYS_SEARCH_USER_PATHS = NO;
				CLANG_ANALYZER_NONNULL = YES;
				CLANG_ANALYZER_NUMBER_OBJECT_CONVERSION = YES_AGGRESSIVE;
				CLANG_CXX_LANGUAGE_STANDARD = "gnu++14";
				CLANG_CXX_LIBRARY = "libc++";
				CLANG_ENABLE_MODULES = YES;
				CLANG_ENABLE_OBJC_ARC = YES;
				CLANG_WARN_BLOCK_CAPTURE_AUTORELEASING = YES;
				CLANG_WARN_BOOL_CONVERSION = YES;
				CLANG_WARN_COMMA = YES;
				CLANG_WARN_CONSTANT_CONVERSION = YES;
				CLANG_WARN_DIRECT_OBJC_ISA_USAGE = YES_ERROR;
				CLANG_WARN_DOCUMENTATION_COMMENTS = YES;
				CLANG_WARN_EMPTY_BODY = YES;
				CLANG_WARN_ENUM_CONVERSION = YES;
				CLANG_WARN_INFINITE_RECURSION = YES;
				CLANG_WARN_INT_CONVERSION = YES;
				CLANG_WARN_NON_LITERAL_NULL_CONVERSION = YES;
				CLANG_WARN_OBJC_LITERAL_CONVERSION = YES;
				CLANG_WARN_OBJC_ROOT_CLASS = YES_ERROR;
				CLANG_WARN_RANGE_LOOP_ANALYSIS = YES;
				CLANG_WARN_STRICT_PROTOTYPES = YES;
				CLANG_WARN_SUSPICIOUS_MOVE = YES;
				CLANG_WARN_UNGUARDED_AVAILABILITY = YES_AGGRESSIVE;
				CLANG_WARN_UNREACHABLE_CODE = YES;
				CLANG_WARN__DUPLICATE_METHOD_MATCH = YES;
				CODE_SIGN_IDENTITY = "iPhone Developer";
				COPY_PHASE_STRIP = NO;
				DEBUG_INFORMATION_FORMAT = dwarf;
				ENABLE_STRICT_OBJC_MSGSEND = YES;
				ENABLE_TESTABILITY = YES;
				GCC_C_LANGUAGE_STANDARD = gnu11;
				GCC_DYNAMIC_NO_PIC = NO;
				GCC_NO_COMMON_BLOCKS = YES;
				GCC_OPTIMIZATION_LEVEL = 0;
				GCC_PREPROCESSOR_DEFINITIONS = (
					"DEBUG=1",
					"$(inherited)",
				);
				GCC_WARN_64_TO_32_BIT_CONVERSION = YES;
				GCC_WARN_ABOUT_RETURN_TYPE = YES_ERROR;
				GCC_WARN_UNDECLARED_SELECTOR = YES;
				GCC_WARN_UNINITIALIZED_AUTOS = YES_AGGRESSIVE;
				GCC_WARN_UNUSED_FUNCTION = YES;
				GCC_WARN_UNUSED_VARIABLE = YES;
				IPHONEOS_DEPLOYMENT_TARGET = 11.0;
				MTL_ENABLE_DEBUG_INFO = YES;
				ONLY_ACTIVE_ARCH = YES;
				SDKROOT = iphoneos;
				SWIFT_ACTIVE_COMPILATION_CONDITIONS = DEBUG;
				SWIFT_OPTIMIZATION_LEVEL = "-Onone";
			};
			name = Debug;
		};
		8B36DF251F16BD9B001AC566 /* Release */ = {
			isa = XCBuildConfiguration;
			buildSettings = {
				ALWAYS_SEARCH_USER_PATHS = NO;
				CLANG_ANALYZER_NONNULL = YES;
				CLANG_ANALYZER_NUMBER_OBJECT_CONVERSION = YES_AGGRESSIVE;
				CLANG_CXX_LANGUAGE_STANDARD = "gnu++14";
				CLANG_CXX_LIBRARY = "libc++";
				CLANG_ENABLE_MODULES = YES;
				CLANG_ENABLE_OBJC_ARC = YES;
				CLANG_WARN_BLOCK_CAPTURE_AUTORELEASING = YES;
				CLANG_WARN_BOOL_CONVERSION = YES;
				CLANG_WARN_COMMA = YES;
				CLANG_WARN_CONSTANT_CONVERSION = YES;
				CLANG_WARN_DIRECT_OBJC_ISA_USAGE = YES_ERROR;
				CLANG_WARN_DOCUMENTATION_COMMENTS = YES;
				CLANG_WARN_EMPTY_BODY = YES;
				CLANG_WARN_ENUM_CONVERSION = YES;
				CLANG_WARN_INFINITE_RECURSION = YES;
				CLANG_WARN_INT_CONVERSION = YES;
				CLANG_WARN_NON_LITERAL_NULL_CONVERSION = YES;
				CLANG_WARN_OBJC_LITERAL_CONVERSION = YES;
				CLANG_WARN_OBJC_ROOT_CLASS = YES_ERROR;
				CLANG_WARN_RANGE_LOOP_ANALYSIS = YES;
				CLANG_WARN_STRICT_PROTOTYPES = YES;
				CLANG_WARN_SUSPICIOUS_MOVE = YES;
				CLANG_WARN_UNGUARDED_AVAILABILITY = YES_AGGRESSIVE;
				CLANG_WARN_UNREACHABLE_CODE = YES;
				CLANG_WARN__DUPLICATE_METHOD_MATCH = YES;
				CODE_SIGN_IDENTITY = "iPhone Developer";
				COPY_PHASE_STRIP = NO;
				DEBUG_INFORMATION_FORMAT = "dwarf-with-dsym";
				ENABLE_NS_ASSERTIONS = NO;
				ENABLE_STRICT_OBJC_MSGSEND = YES;
				GCC_C_LANGUAGE_STANDARD = gnu11;
				GCC_NO_COMMON_BLOCKS = YES;
				GCC_WARN_64_TO_32_BIT_CONVERSION = YES;
				GCC_WARN_ABOUT_RETURN_TYPE = YES_ERROR;
				GCC_WARN_UNDECLARED_SELECTOR = YES;
				GCC_WARN_UNINITIALIZED_AUTOS = YES_AGGRESSIVE;
				GCC_WARN_UNUSED_FUNCTION = YES;
				GCC_WARN_UNUSED_VARIABLE = YES;
				IPHONEOS_DEPLOYMENT_TARGET = 11.0;
				MTL_ENABLE_DEBUG_INFO = NO;
				SDKROOT = iphoneos;
				SWIFT_OPTIMIZATION_LEVEL = "-Owholemodule";
				VALIDATE_PRODUCT = YES;
			};
			name = Release;
		};
		8B36DF271F16BD9B001AC566 /* Debug */ = {
			isa = XCBuildConfiguration;
			buildSettings = {
				ASSETCATALOG_COMPILER_APPICON_NAME = AppIcon;
				DEVELOPMENT_TEAM = 2UZ38CNUHD;
				INFOPLIST_FILE = focusSwiftChallenge/Info.plist;
				IPHONEOS_DEPLOYMENT_TARGET = 10.0;
				LD_RUNPATH_SEARCH_PATHS = "$(inherited) @executable_path/Frameworks";
				PRODUCT_BUNDLE_IDENTIFIER = com.dhruvingajjar.focusSwiftChallenge;
				PRODUCT_NAME = "$(TARGET_NAME)";
				SWIFT_VERSION = 3.0;
				TARGETED_DEVICE_FAMILY = "1,2";
			};
			name = Debug;
		};
		8B36DF281F16BD9B001AC566 /* Release */ = {
			isa = XCBuildConfiguration;
			buildSettings = {
				ASSETCATALOG_COMPILER_APPICON_NAME = AppIcon;
				DEVELOPMENT_TEAM = 2UZ38CNUHD;
				INFOPLIST_FILE = focusSwiftChallenge/Info.plist;
				IPHONEOS_DEPLOYMENT_TARGET = 10.0;
				LD_RUNPATH_SEARCH_PATHS = "$(inherited) @executable_path/Frameworks";
				PRODUCT_BUNDLE_IDENTIFIER = com.dhruvingajjar.focusSwiftChallenge;
				PRODUCT_NAME = "$(TARGET_NAME)";
				SWIFT_VERSION = 3.0;
				TARGETED_DEVICE_FAMILY = "1,2";
			};
			name = Release;
		};
/* End XCBuildConfiguration section */

/* Begin XCConfigurationList section */
		8B36DF0C1F16BD9B001AC566 /* Build configuration list for PBXProject "focusSwiftChallenge" */ = {
			isa = XCConfigurationList;
			buildConfigurations = (
				8B36DF241F16BD9B001AC566 /* Debug */,
				8B36DF251F16BD9B001AC566 /* Release */,
			);
			defaultConfigurationIsVisible = 0;
			defaultConfigurationName = Release;
		};
		8B36DF261F16BD9B001AC566 /* Build configuration list for PBXNativeTarget "focusSwiftChallenge" */ = {
			isa = XCConfigurationList;
			buildConfigurations = (
				8B36DF271F16BD9B001AC566 /* Debug */,
				8B36DF281F16BD9B001AC566 /* Release */,
			);
			defaultConfigurationIsVisible = 0;
			defaultConfigurationName = Release;
		};
/* End XCConfigurationList section */

/* Begin XCVersionGroup section */
		8B36DF1B1F16BD9B001AC566 /* focusSwiftChallenge.xcdatamodeld */ = {
			isa = XCVersionGroup;
			children = (
				8B36DF1C1F16BD9B001AC566 /* focusSwiftChallenge.xcdatamodel */,
			);
			currentVersion = 8B36DF1C1F16BD9B001AC566 /* focusSwiftChallenge.xcdatamodel */;
			path = focusSwiftChallenge.xcdatamodeld;
			sourceTree = "<group>";
			versionGroupType = wrapper.xcdatamodel;
		};
/* End XCVersionGroup section */
	};
	rootObject = 8B36DF091F16BD9B001AC566 /* Project object */;
}
