// !$*UTF8*$!
{
	archiveVersion = 1;
	classes = {
	};
	objectVersion = 48;
	objects = {

/* Begin PBXBuildFile section */
		78070BD392BD9E5C73E28C0B /* Pods_Jokes_App.framework in Frameworks */ = {isa = PBXBuildFile; fileRef = 31CF581A9B5E6BD836091C83 /* Pods_Jokes_App.framework */; };
		8B66036C1F8ABA1700D297EA /* AppDelegate.swift in Sources */ = {isa = PBXBuildFile; fileRef = 8B66036B1F8ABA1700D297EA /* AppDelegate.swift */; };
		8B66036E1F8ABA1700D297EA /* ViewController.swift in Sources */ = {isa = PBXBuildFile; fileRef = 8B66036D1F8ABA1700D297EA /* ViewController.swift */; };
		8B6603711F8ABA1700D297EA /* Main.storyboard in Resources */ = {isa = PBXBuildFile; fileRef = 8B66036F1F8ABA1700D297EA /* Main.storyboard */; };
		8B6603731F8ABA1700D297EA /* Assets.xcassets in Resources */ = {isa = PBXBuildFile; fileRef = 8B6603721F8ABA1700D297EA /* Assets.xcassets */; };
		8B6603761F8ABA1700D297EA /* LaunchScreen.storyboard in Resources */ = {isa = PBXBuildFile; fileRef = 8B6603741F8ABA1700D297EA /* LaunchScreen.storyboard */; };
/* End PBXBuildFile section */

/* Begin PBXFileReference section */
		0519B43F3BF6888F797DED66 /* Pods-Jokes App.release.xcconfig */ = {isa = PBXFileReference; includeInIndex = 1; lastKnownFileType = text.xcconfig; name = "Pods-Jokes App.release.xcconfig"; path = "Pods/Target Support Files/Pods-Jokes App/Pods-Jokes App.release.xcconfig"; sourceTree = "<group>"; };
		31CF581A9B5E6BD836091C83 /* Pods_Jokes_App.framework */ = {isa = PBXFileReference; explicitFileType = wrapper.framework; includeInIndex = 0; path = Pods_Jokes_App.framework; sourceTree = BUILT_PRODUCTS_DIR; };
		8B6603681F8ABA1700D297EA /* Jokes App.app */ = {isa = PBXFileReference; explicitFileType = wrapper.application; includeInIndex = 0; path = "Jokes App.app"; sourceTree = BUILT_PRODUCTS_DIR; };
		8B66036B1F8ABA1700D297EA /* AppDelegate.swift */ = {isa = PBXFileReference; lastKnownFileType = sourcecode.swift; path = AppDelegate.swift; sourceTree = "<group>"; };
		8B66036D1F8ABA1700D297EA /* ViewController.swift */ = {isa = PBXFileReference; lastKnownFileType = sourcecode.swift; path = ViewController.swift; sourceTree = "<group>"; };
		8B6603701F8ABA1700D297EA /* Base */ = {isa = PBXFileReference; lastKnownFileType = file.storyboard; name = Base; path = Base.lproj/Main.storyboard; sourceTree = "<group>"; };
		8B6603721F8ABA1700D297EA /* Assets.xcassets */ = {isa = PBXFileReference; lastKnownFileType = folder.assetcatalog; path = Assets.xcassets; sourceTree = "<group>"; };
		8B6603751F8ABA1700D297EA /* Base */ = {isa = PBXFileReference; lastKnownFileType = file.storyboard; name = Base; path = Base.lproj/LaunchScreen.storyboard; sourceTree = "<group>"; };
		8B6603771F8ABA1700D297EA /* Info.plist */ = {isa = PBXFileReference; lastKnownFileType = text.plist.xml; path = Info.plist; sourceTree = "<group>"; };
		FC76B6DD0936D222CDA198DB /* Pods-Jokes App.debug.xcconfig */ = {isa = PBXFileReference; includeInIndex = 1; lastKnownFileType = text.xcconfig; name = "Pods-Jokes App.debug.xcconfig"; path = "Pods/Target Support Files/Pods-Jokes App/Pods-Jokes App.debug.xcconfig"; sourceTree = "<group>"; };
/* End PBXFileReference section */

/* Begin PBXFrameworksBuildPhase section */
		8B6603651F8ABA1700D297EA /* Frameworks */ = {
			isa = PBXFrameworksBuildPhase;
			buildActionMask = 2147483647;
			files = (
				78070BD392BD9E5C73E28C0B /* Pods_Jokes_App.framework in Frameworks */,
			);
			runOnlyForDeploymentPostprocessing = 0;
		};
/* End PBXFrameworksBuildPhase section */

/* Begin PBXGroup section */
		060946F6360CAD32D3C8F815 /* Frameworks */ = {
			isa = PBXGroup;
			children = (
				31CF581A9B5E6BD836091C83 /* Pods_Jokes_App.framework */,
			);
			name = Frameworks;
			sourceTree = "<group>";
		};
		8B66035F1F8ABA1700D297EA = {
			isa = PBXGroup;
			children = (
				8B66036A1F8ABA1700D297EA /* Jokes App */,
				8B6603691F8ABA1700D297EA /* Products */,
				D9EB869F73EF9D3F5E9C3792 /* Pods */,
				060946F6360CAD32D3C8F815 /* Frameworks */,
			);
			sourceTree = "<group>";
		};
		8B6603691F8ABA1700D297EA /* Products */ = {
			isa = PBXGroup;
			children = (
				8B6603681F8ABA1700D297EA /* Jokes App.app */,
			);
			name = Products;
			sourceTree = "<group>";
		};
		8B66036A1F8ABA1700D297EA /* Jokes App */ = {
			isa = PBXGroup;
			children = (
				8B66036B1F8ABA1700D297EA /* AppDelegate.swift */,
				8B66036D1F8ABA1700D297EA /* ViewController.swift */,
				8B66036F1F8ABA1700D297EA /* Main.storyboard */,
				8B6603721F8ABA1700D297EA /* Assets.xcassets */,
				8B6603741F8ABA1700D297EA /* LaunchScreen.storyboard */,
				8B6603771F8ABA1700D297EA /* Info.plist */,
			);
			path = "Jokes App";
			sourceTree = "<group>";
		};
		D9EB869F73EF9D3F5E9C3792 /* Pods */ = {
			isa = PBXGroup;
			children = (
				FC76B6DD0936D222CDA198DB /* Pods-Jokes App.debug.xcconfig */,
				0519B43F3BF6888F797DED66 /* Pods-Jokes App.release.xcconfig */,
			);
			name = Pods;
			sourceTree = "<group>";
		};
/* End PBXGroup section */

/* Begin PBXNativeTarget section */
		8B6603671F8ABA1700D297EA /* Jokes App */ = {
			isa = PBXNativeTarget;
			buildConfigurationList = 8B66037A1F8ABA1700D297EA /* Build configuration list for PBXNativeTarget "Jokes App" */;
			buildPhases = (
				1EE4731EDFA54BC824699B21 /* [CP] Check Pods Manifest.lock */,
				8B6603641F8ABA1700D297EA /* Sources */,
				8B6603651F8ABA1700D297EA /* Frameworks */,
				8B6603661F8ABA1700D297EA /* Resources */,
				0B17B9595E65FED40EDE7D1E /* [CP] Embed Pods Frameworks */,
				36EB28DAAF2832C45EADD46D /* [CP] Copy Pods Resources */,
			);
			buildRules = (
			);
			dependencies = (
			);
			name = "Jokes App";
			productName = "Jokes App";
			productReference = 8B6603681F8ABA1700D297EA /* Jokes App.app */;
			productType = "com.apple.product-type.application";
		};
/* End PBXNativeTarget section */

/* Begin PBXProject section */
		8B6603601F8ABA1700D297EA /* Project object */ = {
			isa = PBXProject;
			attributes = {
				LastSwiftUpdateCheck = 0900;
				LastUpgradeCheck = 0900;
				ORGANIZATIONNAME = "Dhruvin Gajjar";
				TargetAttributes = {
					8B6603671F8ABA1700D297EA = {
						CreatedOnToolsVersion = 9.0;
						ProvisioningStyle = Automatic;
					};
				};
			};
			buildConfigurationList = 8B6603631F8ABA1700D297EA /* Build configuration list for PBXProject "Jokes App" */;
			compatibilityVersion = "Xcode 8.0";
			developmentRegion = en;
			hasScannedForEncodings = 0;
			knownRegions = (
				en,
				Base,
			);
			mainGroup = 8B66035F1F8ABA1700D297EA;
			productRefGroup = 8B6603691F8ABA1700D297EA /* Products */;
			projectDirPath = "";
			projectRoot = "";
			targets = (
				8B6603671F8ABA1700D297EA /* Jokes App */,
			);
		};
/* End PBXProject section */

/* Begin PBXResourcesBuildPhase section */
		8B6603661F8ABA1700D297EA /* Resources */ = {
			isa = PBXResourcesBuildPhase;
			buildActionMask = 2147483647;
			files = (
				8B6603761F8ABA1700D297EA /* LaunchScreen.storyboard in Resources */,
				8B6603731F8ABA1700D297EA /* Assets.xcassets in Resources */,
				8B6603711F8ABA1700D297EA /* Main.storyboard in Resources */,
			);
			runOnlyForDeploymentPostprocessing = 0;
		};
/* End PBXResourcesBuildPhase section */

/* Begin PBXShellScriptBuildPhase section */
		0B17B9595E65FED40EDE7D1E /* [CP] Embed Pods Frameworks */ = {
			isa = PBXShellScriptBuildPhase;
			buildActionMask = 2147483647;
			files = (
			);
			inputPaths = (
				"${SRCROOT}/Pods/Target Support Files/Pods-Jokes App/Pods-Jokes App-frameworks.sh",
				"${BUILT_PRODUCTS_DIR}/Alamofire/Alamofire.framework",
			);
			name = "[CP] Embed Pods Frameworks";
			outputPaths = (
				"${TARGET_BUILD_DIR}/${FRAMEWORKS_FOLDER_PATH}/Alamofire.framework",
			);
			runOnlyForDeploymentPostprocessing = 0;
			shellPath = /bin/sh;
			shellScript = "\"${SRCROOT}/Pods/Target Support Files/Pods-Jokes App/Pods-Jokes App-frameworks.sh\"\n";
			showEnvVarsInLog = 0;
		};
		1EE4731EDFA54BC824699B21 /* [CP] Check Pods Manifest.lock */ = {
			isa = PBXShellScriptBuildPhase;
			buildActionMask = 2147483647;
			files = (
			);
			inputPaths = (
				"${PODS_PODFILE_DIR_PATH}/Podfile.lock",
				"${PODS_ROOT}/Manifest.lock",
			);
			name = "[CP] Check Pods Manifest.lock";
			outputPaths = (
				"$(DERIVED_FILE_DIR)/Pods-Jokes App-checkManifestLockResult.txt",
			);
			runOnlyForDeploymentPostprocessing = 0;
			shellPath = /bin/sh;
			shellScript = "diff \"${PODS_PODFILE_DIR_PATH}/Podfile.lock\" \"${PODS_ROOT}/Manifest.lock\" > /dev/null\nif [ $? != 0 ] ; then\n    # print error to STDERR\n    echo \"error: The sandbox is not in sync with the Podfile.lock. Run 'pod install' or update your CocoaPods installation.\" >&2\n    exit 1\nfi\n# This output is used by Xcode 'outputs' to avoid re-running this script phase.\necho \"SUCCESS\" > \"${SCRIPT_OUTPUT_FILE_0}\"\n";
			showEnvVarsInLog = 0;
		};
		36EB28DAAF2832C45EADD46D /* [CP] Copy Pods Resources */ = {
			isa = PBXShellScriptBuildPhase;
			buildActionMask = 2147483647;
			files = (
			);
			inputPaths = (
			);
			name = "[CP] Copy Pods Resources";
			outputPaths = (
			);
			runOnlyForDeploymentPostprocessing = 0;
			shellPath = /bin/sh;
			shellScript = "\"${SRCROOT}/Pods/Target Support Files/Pods-Jokes App/Pods-Jokes App-resources.sh\"\n";
			showEnvVarsInLog = 0;
		};
/* End PBXShellScriptBuildPhase section */

/* Begin PBXSourcesBuildPhase section */
		8B6603641F8ABA1700D297EA /* Sources */ = {
			isa = PBXSourcesBuildPhase;
			buildActionMask = 2147483647;
			files = (
				8B66036E1F8ABA1700D297EA /* ViewController.swift in Sources */,
				8B66036C1F8ABA1700D297EA /* AppDelegate.swift in Sources */,
			);
			runOnlyForDeploymentPostprocessing = 0;
		};
/* End PBXSourcesBuildPhase section */

/* Begin PBXVariantGroup section */
		8B66036F1F8ABA1700D297EA /* Main.storyboard */ = {
			isa = PBXVariantGroup;
			children = (
				8B6603701F8ABA1700D297EA /* Base */,
			);
			name = Main.storyboard;
			sourceTree = "<group>";
		};
		8B6603741F8ABA1700D297EA /* LaunchScreen.storyboard */ = {
			isa = PBXVariantGroup;
			children = (
				8B6603751F8ABA1700D297EA /* Base */,
			);
			name = LaunchScreen.storyboard;
			sourceTree = "<group>";
		};
/* End PBXVariantGroup section */

/* Begin XCBuildConfiguration section */
		8B6603781F8ABA1700D297EA /* Debug */ = {
			isa = XCBuildConfiguration;
			buildSettings = {
				ALWAYS_SEARCH_USER_PATHS = NO;
				CLANG_ANALYZER_NONNULL = YES;
				CLANG_ANALYZER_NUMBER_OBJECT_CONVERSION = YES_AGGRESSIVE;
				CLANG_CXX_LANGUAGE_STANDARD = "gnu++14";
				CLANG_CXX_LIBRARY = "libc++";
				CLANG_ENABLE_MODULES = YES;
				CLANG_ENABLE_OBJC_ARC = YES;
				CLANG_WARN_BLOCK_CAPTURE_AUTORELEASING = YES;
				CLANG_WARN_BOOL_CONVERSION = YES;
				CLANG_WARN_COMMA = YES;
				CLANG_WARN_CONSTANT_CONVERSION = YES;
				CLANG_WARN_DIRECT_OBJC_ISA_USAGE = YES_ERROR;
				CLANG_WARN_DOCUMENTATION_COMMENTS = YES;
				CLANG_WARN_EMPTY_BODY = YES;
				CLANG_WARN_ENUM_CONVERSION = YES;
				CLANG_WARN_INFINITE_RECURSION = YES;
				CLANG_WARN_INT_CONVERSION = YES;
				CLANG_WARN_NON_LITERAL_NULL_CONVERSION = YES;
				CLANG_WARN_OBJC_LITERAL_CONVERSION = YES;
				CLANG_WARN_OBJC_ROOT_CLASS = YES_ERROR;
				CLANG_WARN_RANGE_LOOP_ANALYSIS = YES;
				CLANG_WARN_STRICT_PROTOTYPES = YES;
				CLANG_WARN_SUSPICIOUS_MOVE = YES;
				CLANG_WARN_UNGUARDED_AVAILABILITY = YES_AGGRESSIVE;
				CLANG_WARN_UNREACHABLE_CODE = YES;
				CLANG_WARN__DUPLICATE_METHOD_MATCH = YES;
				CODE_SIGN_IDENTITY = "iPhone Developer";
				COPY_PHASE_STRIP = NO;
				DEBUG_INFORMATION_FORMAT = dwarf;
				ENABLE_STRICT_OBJC_MSGSEND = YES;
				ENABLE_TESTABILITY = YES;
				GCC_C_LANGUAGE_STANDARD = gnu11;
				GCC_DYNAMIC_NO_PIC = NO;
				GCC_NO_COMMON_BLOCKS = YES;
				GCC_OPTIMIZATION_LEVEL = 0;
				GCC_PREPROCESSOR_DEFINITIONS = (
					"DEBUG=1",
					"$(inherited)",
				);
				GCC_WARN_64_TO_32_BIT_CONVERSION = YES;
				GCC_WARN_ABOUT_RETURN_TYPE = YES_ERROR;
				GCC_WARN_UNDECLARED_SELECTOR = YES;
				GCC_WARN_UNINITIALIZED_AUTOS = YES_AGGRESSIVE;
				GCC_WARN_UNUSED_FUNCTION = YES;
				GCC_WARN_UNUSED_VARIABLE = YES;
				IPHONEOS_DEPLOYMENT_TARGET = 11.0;
				MTL_ENABLE_DEBUG_INFO = YES;
				ONLY_ACTIVE_ARCH = YES;
				SDKROOT = iphoneos;
				SWIFT_ACTIVE_COMPILATION_CONDITIONS = DEBUG;
				SWIFT_OPTIMIZATION_LEVEL = "-Onone";
			};
			name = Debug;
		};
		8B6603791F8ABA1700D297EA /* Release */ = {
			isa = XCBuildConfiguration;
			buildSettings = {
				ALWAYS_SEARCH_USER_PATHS = NO;
				CLANG_ANALYZER_NONNULL = YES;
				CLANG_ANALYZER_NUMBER_OBJECT_CONVERSION = YES_AGGRESSIVE;
				CLANG_CXX_LANGUAGE_STANDARD = "gnu++14";
				CLANG_CXX_LIBRARY = "libc++";
				CLANG_ENABLE_MODULES = YES;
				CLANG_ENABLE_OBJC_ARC = YES;
				CLANG_WARN_BLOCK_CAPTURE_AUTORELEASING = YES;
				CLANG_WARN_BOOL_CONVERSION = YES;
				CLANG_WARN_COMMA = YES;
				CLANG_WARN_CONSTANT_CONVERSION = YES;
				CLANG_WARN_DIRECT_OBJC_ISA_USAGE = YES_ERROR;
				CLANG_WARN_DOCUMENTATION_COMMENTS = YES;
				CLANG_WARN_EMPTY_BODY = YES;
				CLANG_WARN_ENUM_CONVERSION = YES;
				CLANG_WARN_INFINITE_RECURSION = YES;
				CLANG_WARN_INT_CONVERSION = YES;
				CLANG_WARN_NON_LITERAL_NULL_CONVERSION = YES;
				CLANG_WARN_OBJC_LITERAL_CONVERSION = YES;
				CLANG_WARN_OBJC_ROOT_CLASS = YES_ERROR;
				CLANG_WARN_RANGE_LOOP_ANALYSIS = YES;
				CLANG_WARN_STRICT_PROTOTYPES = YES;
				CLANG_WARN_SUSPICIOUS_MOVE = YES;
				CLANG_WARN_UNGUARDED_AVAILABILITY = YES_AGGRESSIVE;
				CLANG_WARN_UNREACHABLE_CODE = YES;
				CLANG_WARN__DUPLICATE_METHOD_MATCH = YES;
				CODE_SIGN_IDENTITY = "iPhone Developer";
				COPY_PHASE_STRIP = NO;
				DEBUG_INFORMATION_FORMAT = "dwarf-with-dsym";
				ENABLE_NS_ASSERTIONS = NO;
				ENABLE_STRICT_OBJC_MSGSEND = YES;
				GCC_C_LANGUAGE_STANDARD = gnu11;
				GCC_NO_COMMON_BLOCKS = YES;
				GCC_WARN_64_TO_32_BIT_CONVERSION = YES;
				GCC_WARN_ABOUT_RETURN_TYPE = YES_ERROR;
				GCC_WARN_UNDECLARED_SELECTOR = YES;
				GCC_WARN_UNINITIALIZED_AUTOS = YES_AGGRESSIVE;
				GCC_WARN_UNUSED_FUNCTION = YES;
				GCC_WARN_UNUSED_VARIABLE = YES;
				IPHONEOS_DEPLOYMENT_TARGET = 11.0;
				MTL_ENABLE_DEBUG_INFO = NO;
				SDKROOT = iphoneos;
				SWIFT_OPTIMIZATION_LEVEL = "-Owholemodule";
				VALIDATE_PRODUCT = YES;
			};
			name = Release;
		};
		8B66037B1F8ABA1700D297EA /* Debug */ = {
			isa = XCBuildConfiguration;
			baseConfigurationReference = FC76B6DD0936D222CDA198DB /* Pods-Jokes App.debug.xcconfig */;
			buildSettings = {
				ASSETCATALOG_COMPILER_APPICON_NAME = AppIcon;
				CODE_SIGN_STYLE = Automatic;
				DEVELOPMENT_TEAM = 2UZ38CNUHD;
				INFOPLIST_FILE = "Jokes App/Info.plist";
				LD_RUNPATH_SEARCH_PATHS = "$(inherited) @executable_path/Frameworks";
				PRODUCT_BUNDLE_IDENTIFIER = "com.dhruvingajjar.Jokes-App";
				PRODUCT_NAME = "$(TARGET_NAME)";
				SWIFT_VERSION = 4.0;
				TARGETED_DEVICE_FAMILY = "1,2";
			};
			name = Debug;
		};
		8B66037C1F8ABA1700D297EA /* Release */ = {
			isa = XCBuildConfiguration;
			baseConfigurationReference = 0519B43F3BF6888F797DED66 /* Pods-Jokes App.release.xcconfig */;
			buildSettings = {
				ASSETCATALOG_COMPILER_APPICON_NAME = AppIcon;
				CODE_SIGN_STYLE = Automatic;
				DEVELOPMENT_TEAM = 2UZ38CNUHD;
				INFOPLIST_FILE = "Jokes App/Info.plist";
				LD_RUNPATH_SEARCH_PATHS = "$(inherited) @executable_path/Frameworks";
				PRODUCT_BUNDLE_IDENTIFIER = "com.dhruvingajjar.Jokes-App";
				PRODUCT_NAME = "$(TARGET_NAME)";
				SWIFT_VERSION = 4.0;
				TARGETED_DEVICE_FAMILY = "1,2";
			};
			name = Release;
		};
/* End XCBuildConfiguration section */

/* Begin XCConfigurationList section */
		8B6603631F8ABA1700D297EA /* Build configuration list for PBXProject "Jokes App" */ = {
			isa = XCConfigurationList;
			buildConfigurations = (
				8B6603781F8ABA1700D297EA /* Debug */,
				8B6603791F8ABA1700D297EA /* Release */,
			);
			defaultConfigurationIsVisible = 0;
			defaultConfigurationName = Release;
		};
		8B66037A1F8ABA1700D297EA /* Build configuration list for PBXNativeTarget "Jokes App" */ = {
			isa = XCConfigurationList;
			buildConfigurations = (
				8B66037B1F8ABA1700D297EA /* Debug */,
				8B66037C1F8ABA1700D297EA /* Release */,
			);
			defaultConfigurationIsVisible = 0;
			defaultConfigurationName = Release;
		};
/* End XCConfigurationList section */
	};
	rootObject = 8B6603601F8ABA1700D297EA /* Project object */;
}
